// !$*UTF8*$!
{
	archiveVersion = 1;
	classes = {
	};
	objectVersion = 50;
	objects = {

/* Begin PBXBuildFile section */
		970A10B620DD3D4400BA1245 /* AppDelegate.m in Sources */ = {isa = PBXBuildFile; fileRef = 970A10B520DD3D4400BA1245 /* AppDelegate.m */; };
		970A10B920DD3D4400BA1245 /* ViewController.m in Sources */ = {isa = PBXBuildFile; fileRef = 970A10B820DD3D4400BA1245 /* ViewController.m */; };
		970A10BC20DD3D4400BA1245 /* Main.storyboard in Resources */ = {isa = PBXBuildFile; fileRef = 970A10BA20DD3D4400BA1245 /* Main.storyboard */; };
		970A10BE20DD3D4400BA1245 /* Assets.xcassets in Resources */ = {isa = PBXBuildFile; fileRef = 970A10BD20DD3D4400BA1245 /* Assets.xcassets */; };
		970A10C120DD3D4400BA1245 /* LaunchScreen.storyboard in Resources */ = {isa = PBXBuildFile; fileRef = 970A10BF20DD3D4400BA1245 /* LaunchScreen.storyboard */; };
		970A10C420DD3D4400BA1245 /* main.m in Sources */ = {isa = PBXBuildFile; fileRef = 970A10C320DD3D4400BA1245 /* main.m */; };
/* End PBXBuildFile section */

/* Begin PBXFileReference section */
		970A10B120DD3D4400BA1245 /* MigrateMe.app */ = {isa = PBXFileReference; explicitFileType = wrapper.application; includeInIndex = 0; path = MigrateMe.app; sourceTree = BUILT_PRODUCTS_DIR; };
		970A10B420DD3D4400BA1245 /* AppDelegate.h */ = {isa = PBXFileReference; lastKnownFileType = sourcecode.c.h; path = AppDelegate.h; sourceTree = "<group>"; };
		970A10B520DD3D4400BA1245 /* AppDelegate.m */ = {isa = PBXFileReference; lastKnownFileType = sourcecode.c.objc; path = AppDelegate.m; sourceTree = "<group>"; };
		970A10B720DD3D4400BA1245 /* ViewController.h */ = {isa = PBXFileReference; lastKnownFileType = sourcecode.c.h; path = ViewController.h; sourceTree = "<group>"; };
		970A10B820DD3D4400BA1245 /* ViewController.m */ = {isa = PBXFileReference; lastKnownFileType = sourcecode.c.objc; path = ViewController.m; sourceTree = "<group>"; };
		970A10BB20DD3D4400BA1245 /* Base */ = {isa = PBXFileReference; lastKnownFileType = file.storyboard; name = Base; path = Base.lproj/Main.storyboard; sourceTree = "<group>"; };
		970A10BD20DD3D4400BA1245 /* Assets.xcassets */ = {isa = PBXFileReference; lastKnownFileType = folder.assetcatalog; path = Assets.xcassets; sourceTree = "<group>"; };
		970A10C020DD3D4400BA1245 /* Base */ = {isa = PBXFileReference; lastKnownFileType = file.storyboard; name = Base; path = Base.lproj/LaunchScreen.storyboard; sourceTree = "<group>"; };
		970A10C220DD3D4400BA1245 /* Info.plist */ = {isa = PBXFileReference; lastKnownFileType = text.plist.xml; path = Info.plist; sourceTree = "<group>"; };
		970A10C320DD3D4400BA1245 /* main.m */ = {isa = PBXFileReference; lastKnownFileType = sourcecode.c.objc; path = main.m; sourceTree = "<group>"; };
/* End PBXFileReference section */

/* Begin PBXFrameworksBuildPhase section */
		970A10AE20DD3D4400BA1245 /* Frameworks */ = {
			isa = PBXFrameworksBuildPhase;
			buildActionMask = 2147483647;
			files = (
			);
			runOnlyForDeploymentPostprocessing = 0;
		};
/* End PBXFrameworksBuildPhase section */

/* Begin PBXGroup section */
		970A10A820DD3D4400BA1245 = {
			isa = PBXGroup;
			children = (
				970A10B320DD3D4400BA1245 /* MigrateMe */,
				970A10B220DD3D4400BA1245 /* Products */,
			);
			sourceTree = "<group>";
		};
		970A10B220DD3D4400BA1245 /* Products */ = {
			isa = PBXGroup;
			children = (
				970A10B120DD3D4400BA1245 /* MigrateMe.app */,
			);
			name = Products;
			sourceTree = "<group>";
		};
		970A10B320DD3D4400BA1245 /* MigrateMe */ = {
			isa = PBXGroup;
			children = (
				970A10B420DD3D4400BA1245 /* AppDelegate.h */,
				970A10B520DD3D4400BA1245 /* AppDelegate.m */,
				970A10B720DD3D4400BA1245 /* ViewController.h */,
				970A10B820DD3D4400BA1245 /* ViewController.m */,
				970A10BA20DD3D4400BA1245 /* Main.storyboard */,
				970A10BD20DD3D4400BA1245 /* Assets.xcassets */,
				970A10BF20DD3D4400BA1245 /* LaunchScreen.storyboard */,
				970A10C220DD3D4400BA1245 /* Info.plist */,
				970A10C320DD3D4400BA1245 /* main.m */,
			);
			path = MigrateMe;
			sourceTree = "<group>";
		};
/* End PBXGroup section */

/* Begin PBXNativeTarget section */
		970A10B020DD3D4400BA1245 /* MigrateMe */ = {
			isa = PBXNativeTarget;
			buildConfigurationList = 970A10C720DD3D4400BA1245 /* Build configuration list for PBXNativeTarget "MigrateMe" */;
			buildPhases = (
				970A10AD20DD3D4400BA1245 /* Sources */,
				970A10AE20DD3D4400BA1245 /* Frameworks */,
				970A10AF20DD3D4400BA1245 /* Resources */,
			);
			buildRules = (
			);
			dependencies = (
			);
			name = MigrateMe;
			productName = MigrateMe;
			productReference = 970A10B120DD3D4400BA1245 /* MigrateMe.app */;
			productType = "com.apple.product-type.application";
		};
/* End PBXNativeTarget section */

/* Begin PBXProject section */
		970A10A920DD3D4400BA1245 /* Project object */ = {
			isa = PBXProject;
			attributes = {
				LastUpgradeCheck = 0930;
				ORGANIZATIONNAME = CarMax;
				TargetAttributes = {
					970A10B020DD3D4400BA1245 = {
						CreatedOnToolsVersion = 9.3;
					};
				};
			};
			buildConfigurationList = 970A10AC20DD3D4400BA1245 /* Build configuration list for PBXProject "MigrateMe" */;
			compatibilityVersion = "Xcode 9.3";
			developmentRegion = en;
			hasScannedForEncodings = 0;
			knownRegions = (
				en,
				Base,
			);
			mainGroup = 970A10A820DD3D4400BA1245;
			productRefGroup = 970A10B220DD3D4400BA1245 /* Products */;
			projectDirPath = "";
			projectRoot = "";
			targets = (
				970A10B020DD3D4400BA1245 /* MigrateMe */,
			);
		};
/* End PBXProject section */

/* Begin PBXResourcesBuildPhase section */
		970A10AF20DD3D4400BA1245 /* Resources */ = {
			isa = PBXResourcesBuildPhase;
			buildActionMask = 2147483647;
			files = (
				970A10C120DD3D4400BA1245 /* LaunchScreen.storyboard in Resources */,
				970A10BE20DD3D4400BA1245 /* Assets.xcassets in Resources */,
				970A10BC20DD3D4400BA1245 /* Main.storyboard in Resources */,
			);
			runOnlyForDeploymentPostprocessing = 0;
		};
/* End PBXResourcesBuildPhase section */

/* Begin PBXSourcesBuildPhase section */
		970A10AD20DD3D4400BA1245 /* Sources */ = {
			isa = PBXSourcesBuildPhase;
			buildActionMask = 2147483647;
			files = (
				970A10B920DD3D4400BA1245 /* ViewController.m in Sources */,
				970A10C420DD3D4400BA1245 /* main.m in Sources */,
				970A10B620DD3D4400BA1245 /* AppDelegate.m in Sources */,
			);
			runOnlyForDeploymentPostprocessing = 0;
		};
/* End PBXSourcesBuildPhase section */

/* Begin PBXVariantGroup section */
		970A10BA20DD3D4400BA1245 /* Main.storyboard */ = {
			isa = PBXVariantGroup;
			children = (
				970A10BB20DD3D4400BA1245 /* Base */,
			);
			name = Main.storyboard;
			sourceTree = "<group>";
		};
		970A10BF20DD3D4400BA1245 /* LaunchScreen.storyboard */ = {
			isa = PBXVariantGroup;
			children = (
				970A10C020DD3D4400BA1245 /* Base */,
			);
			name = LaunchScreen.storyboard;
			sourceTree = "<group>";
		};
/* End PBXVariantGroup section */

/* Begin XCBuildConfiguration section */
		970A10C520DD3D4400BA1245 /* Debug */ = {
			isa = XCBuildConfiguration;
			buildSettings = {
				ALWAYS_SEARCH_USER_PATHS = NO;
				CLANG_ANALYZER_NONNULL = YES;
				CLANG_ANALYZER_NUMBER_OBJECT_CONVERSION = YES_AGGRESSIVE;
				CLANG_CXX_LANGUAGE_STANDARD = "gnu++14";
				CLANG_CXX_LIBRARY = "libc++";
				CLANG_ENABLE_MODULES = YES;
				CLANG_ENABLE_OBJC_ARC = YES;
				CLANG_ENABLE_OBJC_WEAK = YES;
				CLANG_WARN_BLOCK_CAPTURE_AUTORELEASING = YES;
				CLANG_WARN_BOOL_CONVERSION = YES;
				CLANG_WARN_COMMA = YES;
				CLANG_WARN_CONSTANT_CONVERSION = YES;
				CLANG_WARN_DEPRECATED_OBJC_IMPLEMENTATIONS = YES;
				CLANG_WARN_DIRECT_OBJC_ISA_USAGE = YES_ERROR;
				CLANG_WARN_DOCUMENTATION_COMMENTS = YES;
				CLANG_WARN_EMPTY_BODY = YES;
				CLANG_WARN_ENUM_CONVERSION = YES;
				CLANG_WARN_INFINITE_RECURSION = YES;
				CLANG_WARN_INT_CONVERSION = YES;
				CLANG_WARN_NON_LITERAL_NULL_CONVERSION = YES;
				CLANG_WARN_OBJC_IMPLICIT_RETAIN_SELF = YES;
				CLANG_WARN_OBJC_LITERAL_CONVERSION = YES;
				CLANG_WARN_OBJC_ROOT_CLASS = YES_ERROR;
				CLANG_WARN_RANGE_LOOP_ANALYSIS = YES;
				CLANG_WARN_STRICT_PROTOTYPES = YES;
				CLANG_WARN_SUSPICIOUS_MOVE = YES;
				CLANG_WARN_UNGUARDED_AVAILABILITY = YES_AGGRESSIVE;
				CLANG_WARN_UNREACHABLE_CODE = YES;
				CLANG_WARN__DUPLICATE_METHOD_MATCH = YES;
				CODE_SIGN_IDENTITY = "iPhone Developer";
				COPY_PHASE_STRIP = NO;
				DEBUG_INFORMATION_FORMAT = dwarf;
				ENABLE_STRICT_OBJC_MSGSEND = YES;
				ENABLE_TESTABILITY = YES;
				GCC_C_LANGUAGE_STANDARD = gnu11;
				GCC_DYNAMIC_NO_PIC = NO;
				GCC_NO_COMMON_BLOCKS = YES;
				GCC_OPTIMIZATION_LEVEL = 0;
				GCC_PREPROCESSOR_DEFINITIONS = (
					"DEBUG=1",
					"$(inherited)",
				);
				GCC_WARN_64_TO_32_BIT_CONVERSION = YES;
				GCC_WARN_ABOUT_RETURN_TYPE = YES_ERROR;
				GCC_WARN_UNDECLARED_SELECTOR = YES;
				GCC_WARN_UNINITIALIZED_AUTOS = YES_AGGRESSIVE;
				GCC_WARN_UNUSED_FUNCTION = YES;
				GCC_WARN_UNUSED_VARIABLE = YES;
				IPHONEOS_DEPLOYMENT_TARGET = 11.3;
				MTL_ENABLE_DEBUG_INFO = YES;
				ONLY_ACTIVE_ARCH = YES;
				SDKROOT = iphoneos;
			};
			name = Debug;
		};
		970A10C620DD3D4400BA1245 /* Release */ = {
			isa = XCBuildConfiguration;
			buildSettings = {
				ALWAYS_SEARCH_USER_PATHS = NO;
				CLANG_ANALYZER_NONNULL = YES;
				CLANG_ANALYZER_NUMBER_OBJECT_CONVERSION = YES_AGGRESSIVE;
				CLANG_CXX_LANGUAGE_STANDARD = "gnu++14";
				CLANG_CXX_LIBRARY = "libc++";
				CLANG_ENABLE_MODULES = YES;
				CLANG_ENABLE_OBJC_ARC = YES;
				CLANG_ENABLE_OBJC_WEAK = YES;
				CLANG_WARN_BLOCK_CAPTURE_AUTORELEASING = YES;
				CLANG_WARN_BOOL_CONVERSION = YES;
				CLANG_WARN_COMMA = YES;
				CLANG_WARN_CONSTANT_CONVERSION = YES;
				CLANG_WARN_DEPRECATED_OBJC_IMPLEMENTATIONS = YES;
				CLANG_WARN_DIRECT_OBJC_ISA_USAGE = YES_ERROR;
				CLANG_WARN_DOCUMENTATION_COMMENTS = YES;
				CLANG_WARN_EMPTY_BODY = YES;
				CLANG_WARN_ENUM_CONVERSION = YES;
				CLANG_WARN_INFINITE_RECURSION = YES;
				CLANG_WARN_INT_CONVERSION = YES;
				CLANG_WARN_NON_LITERAL_NULL_CONVERSION = YES;
				CLANG_WARN_OBJC_IMPLICIT_RETAIN_SELF = YES;
				CLANG_WARN_OBJC_LITERAL_CONVERSION = YES;
				CLANG_WARN_OBJC_ROOT_CLASS = YES_ERROR;
				CLANG_WARN_RANGE_LOOP_ANALYSIS = YES;
				CLANG_WARN_STRICT_PROTOTYPES = YES;
				CLANG_WARN_SUSPICIOUS_MOVE = YES;
				CLANG_WARN_UNGUARDED_AVAILABILITY = YES_AGGRESSIVE;
				CLANG_WARN_UNREACHABLE_CODE = YES;
				CLANG_WARN__DUPLICATE_METHOD_MATCH = YES;
				CODE_SIGN_IDENTITY = "iPhone Developer";
				COPY_PHASE_STRIP = NO;
				DEBUG_INFORMATION_FORMAT = "dwarf-with-dsym";
				ENABLE_NS_ASSERTIONS = NO;
				ENABLE_STRICT_OBJC_MSGSEND = YES;
				GCC_C_LANGUAGE_STANDARD = gnu11;
				GCC_NO_COMMON_BLOCKS = YES;
				GCC_WARN_64_TO_32_BIT_CONVERSION = YES;
				GCC_WARN_ABOUT_RETURN_TYPE = YES_ERROR;
				GCC_WARN_UNDECLARED_SELECTOR = YES;
				GCC_WARN_UNINITIALIZED_AUTOS = YES_AGGRESSIVE;
				GCC_WARN_UNUSED_FUNCTION = YES;
				GCC_WARN_UNUSED_VARIABLE = YES;
				IPHONEOS_DEPLOYMENT_TARGET = 11.3;
				MTL_ENABLE_DEBUG_INFO = NO;
				SDKROOT = iphoneos;
				VALIDATE_PRODUCT = YES;
			};
			name = Release;
		};
		970A10C820DD3D4400BA1245 /* Debug */ = {
			isa = XCBuildConfiguration;
			buildSettings = {
				ASSETCATALOG_COMPILER_APPICON_NAME = AppIcon;
				CODE_SIGN_STYLE = Automatic;
				DEVELOPMENT_TEAM = FTXMYEW2VC;
				INFOPLIST_FILE = MigrateMe/Info.plist;
				LD_RUNPATH_SEARCH_PATHS = (
					"$(inherited)",
					"@executable_path/Frameworks",
				);
				PRODUCT_BUNDLE_IDENTIFIER = com.carmax.MigrateMe;
				PRODUCT_NAME = "$(TARGET_NAME)";
				TARGETED_DEVICE_FAMILY = "1,2";
			};
			name = Debug;
		};
		970A10C920DD3D4400BA1245 /* Release */ = {
			isa = XCBuildConfiguration;
			buildSettings = {
				ASSETCATALOG_COMPILER_APPICON_NAME = AppIcon;
				CODE_SIGN_STYLE = Automatic;
				DEVELOPMENT_TEAM = FTXMYEW2VC;
				INFOPLIST_FILE = MigrateMe/Info.plist;
				LD_RUNPATH_SEARCH_PATHS = (
					"$(inherited)",
					"@executable_path/Frameworks",
				);
				PRODUCT_BUNDLE_IDENTIFIER = com.carmax.MigrateMe;
				PRODUCT_NAME = "$(TARGET_NAME)";
				TARGETED_DEVICE_FAMILY = "1,2";
			};
			name = Release;
		};
/* End XCBuildConfiguration section */

/* Begin XCConfigurationList section */
		970A10AC20DD3D4400BA1245 /* Build configuration list for PBXProject "MigrateMe" */ = {
			isa = XCConfigurationList;
			buildConfigurations = (
				970A10C520DD3D4400BA1245 /* Debug */,
				970A10C620DD3D4400BA1245 /* Release */,
			);
			defaultConfigurationIsVisible = 0;
			defaultConfigurationName = Release;
		};
		970A10C720DD3D4400BA1245 /* Build configuration list for PBXNativeTarget "MigrateMe" */ = {
			isa = XCConfigurationList;
			buildConfigurations = (
				970A10C820DD3D4400BA1245 /* Debug */,
				970A10C920DD3D4400BA1245 /* Release */,
			);
			defaultConfigurationIsVisible = 0;
			defaultConfigurationName = Release;
		};
/* End XCConfigurationList section */
	};
	rootObject = 970A10A920DD3D4400BA1245 /* Project object */;
}
